<?xml version="1.0" encoding="utf-8"?>
<Project ToolsVersion="4.0" xmlns="http://schemas.microsoft.com/developer/msbuild/2003">
  <ItemGroup>
    <ClCompile Include="..\..\..\1. Suit %27em up Game Development\SuitEmUp\SuitEmUp\Button.cpp" />
    <ClCompile Include="..\..\..\1. Suit %27em up Game Development\SuitEmUp\SuitEmUp\ButtonManager.cpp" />
    <ClCompile Include="..\..\..\1. Suit %27em up Game Development\SuitEmUp\SuitEmUp\Collider.cpp" />
    <ClCompile Include="..\..\..\1. Suit %27em up Game Development\SuitEmUp\SuitEmUp\CollisionManager.cpp" />
    <ClCompile Include="..\..\..\1. Suit %27em up Game Development\SuitEmUp\SuitEmUp\Config.cpp" />
    <ClCompile Include="..\..\..\1. Suit %27em up Game Development\SuitEmUp\SuitEmUp\Customize.cpp" />
    <ClCompile Include="..\..\..\1. Suit %27em up Game Development\SuitEmUp\SuitEmUp\EnemyObject.cpp" />
    <ClCompile Include="..\..\..\1. Suit %27em up Game Development\SuitEmUp\SuitEmUp\EnemyProjectile.cpp" />
    <ClCompile Include="..\..\..\1. Suit %27em up Game Development\SuitEmUp\SuitEmUp\Engine.cpp" />
    <ClCompile Include="..\..\..\1. Suit %27em up Game Development\SuitEmUp\SuitEmUp\Game.cpp" />
    <ClCompile Include="..\..\..\1. Suit %27em up Game Development\SuitEmUp\SuitEmUp\GameObject.cpp" />
    <ClCompile Include="..\..\..\1. Suit %27em up Game Development\SuitEmUp\SuitEmUp\GameObjectManager.cpp" />
    <ClCompile Include="..\..\..\1. Suit %27em up Game Development\SuitEmUp\SuitEmUp\HpBar.cpp" />
    <ClCompile Include="..\..\..\1. Suit %27em up Game Development\SuitEmUp\SuitEmUp\InputManager.cpp" />
    <ClCompile Include="..\..\..\1. Suit %27em up Game Development\SuitEmUp\SuitEmUp\Level.cpp" />
    <ClCompile Include="..\..\..\1. Suit %27em up Game Development\SuitEmUp\SuitEmUp\main.cpp" />
    <ClCompile Include="..\..\..\1. Suit %27em up Game Development\SuitEmUp\SuitEmUp\MainMenu.cpp" />
    <ClCompile Include="..\..\..\1. Suit %27em up Game Development\SuitEmUp\SuitEmUp\MovingGameObject.cpp" />
    <ClCompile Include="..\..\..\1. Suit %27em up Game Development\SuitEmUp\SuitEmUp\Options.cpp" />
    <ClCompile Include="..\..\..\1. Suit %27em up Game Development\SuitEmUp\SuitEmUp\PlayerObject.cpp" />
    <ClCompile Include="..\..\..\1. Suit %27em up Game Development\SuitEmUp\SuitEmUp\PlayerProjectile.cpp" />
    <ClCompile Include="..\..\..\1. Suit %27em up Game Development\SuitEmUp\SuitEmUp\Projectile.cpp" />
    <ClCompile Include="..\..\..\1. Suit %27em up Game Development\SuitEmUp\SuitEmUp\Spawner.cpp" />
    <ClCompile Include="..\..\..\1. Suit %27em up Game Development\SuitEmUp\SuitEmUp\Sprite.cpp" />
    <ClCompile Include="..\..\..\1. Suit %27em up Game Development\SuitEmUp\SuitEmUp\SpriteManager.cpp" />
    <ClCompile Include="..\..\..\1. Suit %27em up Game Development\SuitEmUp\SuitEmUp\SuperEnemy.cpp" />
    <ClCompile Include="..\..\..\1. Suit %27em up Game Development\SuitEmUp\SuitEmUp\Truck.cpp" />
    <ClCompile Include="TitleScreen.cpp" />
    <ClCompile Include="StateManager.cpp" />
    <ClCompile Include="..\..\..\1. Suit %27em up Game Development\SuitEmUp\SuitEmUp\Utils.cpp" />
    <ClCompile Include="..\..\..\1. Suit %27em up Game Development\SuitEmUp\SuitEmUp\Score.cpp" />
    <ClCompile Include="..\..\..\1. Suit %27em up Game Development\SuitEmUp\SuitEmUp\RepairKit.cpp" />
    <ClCompile Include="..\..\..\1. Suit %27em up Game Development\SuitEmUp\SuitEmUp\SniperGirl.cpp" />
    <ClCompile Include="..\..\..\1. Suit %27em up Game Development\SuitEmUp\SuitEmUp\PausState.cpp" />
    <ClCompile Include="..\..\..\1. Suit %27em up Game Development\SuitEmUp\SuitEmUp\DieState.cpp" />
    <ClCompile Include="..\..\..\1. Suit %27em up Game Development\SuitEmUp\SuitEmUp\Animation.cpp" />
  </ItemGroup>
  <ItemGroup>
    <ClInclude Include="..\..\..\1. Suit %27em up Game Development\SuitEmUp\SuitEmUp\ButtonManager.h" />
    <ClInclude Include="..\..\..\1. Suit %27em up Game Development\SuitEmUp\SuitEmUp\ChangeStateButton.h" />
    <ClInclude Include="..\..\..\1. Suit %27em up Game Development\SuitEmUp\SuitEmUp\Collider.h" />
    <ClInclude Include="..\..\..\1. Suit %27em up Game Development\SuitEmUp\SuitEmUp\CollisionManager.h" />
    <ClInclude Include="..\..\..\1. Suit %27em up Game Development\SuitEmUp\SuitEmUp\Config.h" />
    <ClInclude Include="..\..\..\1. Suit %27em up Game Development\SuitEmUp\SuitEmUp\Customize.h" />
    <ClInclude Include="..\..\..\1. Suit %27em up Game Development\SuitEmUp\SuitEmUp\EnemyObject.h" />
    <ClInclude Include="..\..\..\1. Suit %27em up Game Development\SuitEmUp\SuitEmUp\EnemyProjectile.h" />
    <ClInclude Include="..\..\..\1. Suit %27em up Game Development\SuitEmUp\SuitEmUp\Engine.h" />
    <ClInclude Include="..\..\..\1. Suit %27em up Game Development\SuitEmUp\SuitEmUp\Game.h" />
    <ClInclude Include="..\..\..\1. Suit %27em up Game Development\SuitEmUp\SuitEmUp\GameObject.h" />
    <ClInclude Include="..\..\..\1. Suit %27em up Game Development\SuitEmUp\SuitEmUp\GameObjectManager.h" />
    <ClInclude Include="..\..\..\1. Suit %27em up Game Development\SuitEmUp\SuitEmUp\HpBar.h" />
    <ClInclude Include="..\..\..\1. Suit %27em up Game Development\SuitEmUp\SuitEmUp\InputKeys.h" />
    <ClInclude Include="..\..\..\1. Suit %27em up Game Development\SuitEmUp\SuitEmUp\InputManager.h" />
    <ClInclude Include="..\..\..\1. Suit %27em up Game Development\SuitEmUp\SuitEmUp\Level.h" />
    <ClInclude Include="..\..\..\1. Suit %27em up Game Development\SuitEmUp\SuitEmUp\MainMenu.h" />
    <ClInclude Include="..\..\..\1. Suit %27em up Game Development\SuitEmUp\SuitEmUp\MovingGameObject.h" />
    <ClInclude Include="..\..\..\1. Suit %27em up Game Development\SuitEmUp\SuitEmUp\Options.h" />
    <ClInclude Include="..\..\..\1. Suit %27em up Game Development\SuitEmUp\SuitEmUp\PlayerObject.h" />
    <ClInclude Include="..\..\..\1. Suit %27em up Game Development\SuitEmUp\SuitEmUp\PlayerProjectile.h" />
    <ClInclude Include="..\..\..\1. Suit %27em up Game Development\SuitEmUp\SuitEmUp\Projectile.h" />
    <ClInclude Include="..\..\..\1. Suit %27em up Game Development\SuitEmUp\SuitEmUp\Spawner.h" />
    <ClInclude Include="..\..\..\1. Suit %27em up Game Development\SuitEmUp\SuitEmUp\Sprite.h" />
    <ClInclude Include="..\..\..\1. Suit %27em up Game Development\SuitEmUp\SuitEmUp\SpriteManager.h" />
    <ClInclude Include="..\..\..\1. Suit %27em up Game Development\SuitEmUp\SuitEmUp\SuperEnemy.h" />
    <ClInclude Include="Button.h" />
    <ClInclude Include="..\..\..\1. Suit %27em up Game Development\SuitEmUp\SuitEmUp\State.h" />
    <ClInclude Include="..\..\..\1. Suit %27em up Game Development\SuitEmUp\SuitEmUp\StateManager.h" />
    <ClInclude Include="..\..\..\1. Suit %27em up Game Development\SuitEmUp\SuitEmUp\TitleScreen.h" />
    <ClInclude Include="..\..\..\1. Suit %27em up Game Development\SuitEmUp\SuitEmUp\Truck.h" />
    <ClInclude Include="..\..\..\1. Suit %27em up Game Development\SuitEmUp\SuitEmUp\Utils.h" />
    <ClInclude Include="..\..\..\1. Suit %27em up Game Development\SuitEmUp\SuitEmUp\DamageIncrease.h" />
    <ClInclude Include="..\..\..\1. Suit %27em up Game Development\SuitEmUp\SuitEmUp\Score.h" />
    <ClInclude Include="..\..\..\1. Suit %27em up Game Development\SuitEmUp\SuitEmUp\RepairKit.h" />
    <ClInclude Include="..\..\..\1. Suit %27em up Game Development\SuitEmUp\SuitEmUp\SniperGirl.h" />
    <ClInclude Include="..\..\..\1. Suit %27em up Game Development\SuitEmUp\SuitEmUp\PausState.h" />
    <ClInclude Include="..\..\..\1. Suit %27em up Game Development\SuitEmUp\SuitEmUp\DieState.h" />
    <ClInclude Include="..\..\..\1. Suit %27em up Game Development\SuitEmUp\SuitEmUp\Animation.h" />
  </ItemGroup>
</Project>