<?xml version="1.0" encoding="utf-8"?>
<Project ToolsVersion="4.0" xmlns="http://schemas.microsoft.com/developer/msbuild/2003">
  <ItemGroup>
    <Filter Include="Source Files">
      <UniqueIdentifier>{4FC737F1-C7A5-4376-A066-2A32D752A2FF}</UniqueIdentifier>
      <Extensions>cpp;c;cc;cxx;def;odl;idl;hpj;bat;asm;asmx</Extensions>
    </Filter>
    <Filter Include="Header Files">
      <UniqueIdentifier>{93995380-89BD-4b04-88EB-625FBE52EBFB}</UniqueIdentifier>
      <Extensions>h;hpp;hxx;hm;inl;inc;xsd</Extensions>
    </Filter>
    <Filter Include="Resource Files">
      <UniqueIdentifier>{67DA6AB6-F800-4c08-8B7A-83BB121AAD01}</UniqueIdentifier>
      <Extensions>rc;ico;cur;bmp;dlg;rc2;rct;bin;rgs;gif;jpg;jpeg;jpe;resx;tiff;tif;png;wav;mfcribbon-ms</Extensions>
    </Filter>
    <Filter Include="Header Files\States">
      <UniqueIdentifier>{ba79dd1c-1042-4ccf-8395-ffe21d00cf6e}</UniqueIdentifier>
    </Filter>
    <Filter Include="Header Files\Managers">
      <UniqueIdentifier>{54011a72-225a-457f-8325-65be14df27af}</UniqueIdentifier>
    </Filter>
    <Filter Include="Source Files\States">
      <UniqueIdentifier>{ed054e64-4a82-40bd-bc40-06633ba790b3}</UniqueIdentifier>
    </Filter>
    <Filter Include="Source Files\Managers">
      <UniqueIdentifier>{3c0f9ec1-74a5-48d1-9d57-7596901680ea}</UniqueIdentifier>
    </Filter>
  </ItemGroup>
  <ItemGroup>
    <ClCompile Include="..\..\..\1. Suit %27em up Game Development\SuitEmUp\SuitEmUp\main.cpp">
      <Filter>Source Files</Filter>
    </ClCompile>
    <ClCompile Include="..\..\..\1. Suit %27em up Game Development\SuitEmUp\SuitEmUp\MainMenu.cpp">
      <Filter>Source Files\States</Filter>
    </ClCompile>
    <ClCompile Include="..\..\..\1. Suit %27em up Game Development\SuitEmUp\SuitEmUp\Options.cpp">
      <Filter>Source Files\States</Filter>
    </ClCompile>
    <ClCompile Include="..\..\..\1. Suit %27em up Game Development\SuitEmUp\SuitEmUp\Config.cpp">
      <Filter>Source Files</Filter>
    </ClCompile>
    <ClCompile Include="..\..\..\1. Suit %27em up Game Development\SuitEmUp\SuitEmUp\Utils.cpp">
      <Filter>Source Files</Filter>
    </ClCompile>
    <ClCompile Include="..\..\..\1. Suit %27em up Game Development\SuitEmUp\SuitEmUp\Customize.cpp">
      <Filter>Source Files\States</Filter>
    </ClCompile>
    <ClCompile Include="StateManager.cpp">
      <Filter>Source Files\Managers</Filter>
    </ClCompile>
    <ClCompile Include="..\..\..\1. Suit %27em up Game Development\SuitEmUp\SuitEmUp\InputManager.cpp">
      <Filter>Source Files\Managers</Filter>
    </ClCompile>
    <ClCompile Include="..\..\..\1. Suit %27em up Game Development\SuitEmUp\SuitEmUp\Engine.cpp">
      <Filter>Source Files</Filter>
    </ClCompile>
    <ClCompile Include="..\..\..\1. Suit %27em up Game Development\SuitEmUp\SuitEmUp\Game.cpp">
      <Filter>Source Files\States</Filter>
    </ClCompile>
    <ClCompile Include="..\..\..\1. Suit %27em up Game Development\SuitEmUp\SuitEmUp\SpriteManager.cpp">
      <Filter>Source Files\Managers</Filter>
    </ClCompile>
    <ClCompile Include="..\..\..\1. Suit %27em up Game Development\SuitEmUp\SuitEmUp\GameObject.cpp">
      <Filter>Source Files</Filter>
    </ClCompile>
    <ClCompile Include="..\..\..\1. Suit %27em up Game Development\SuitEmUp\SuitEmUp\PlayerObject.cpp">
      <Filter>Source Files</Filter>
    </ClCompile>
    <ClCompile Include="TitleScreen.cpp">
      <Filter>Source Files\States</Filter>
    </ClCompile>
  </ItemGroup>
  <ItemGroup>
    <ClInclude Include="..\..\..\1. Suit %27em up Game Development\SuitEmUp\SuitEmUp\StateManager.h">
      <Filter>Header Files\Managers</Filter>
    </ClInclude>
    <ClInclude Include="..\..\..\1. Suit %27em up Game Development\SuitEmUp\SuitEmUp\State.h">
      <Filter>Header Files</Filter>
    </ClInclude>
    <ClInclude Include="..\..\..\1. Suit %27em up Game Development\SuitEmUp\SuitEmUp\MainMenu.h">
      <Filter>Header Files\States</Filter>
    </ClInclude>
    <ClInclude Include="..\..\..\1. Suit %27em up Game Development\SuitEmUp\SuitEmUp\Options.h">
      <Filter>Header Files\States</Filter>
    </ClInclude>
    <ClInclude Include="..\..\..\1. Suit %27em up Game Development\SuitEmUp\SuitEmUp\Config.h">
      <Filter>Header Files</Filter>
    </ClInclude>
    <ClInclude Include="..\..\..\1. Suit %27em up Game Development\SuitEmUp\SuitEmUp\Utils.h">
      <Filter>Header Files</Filter>
    </ClInclude>
    <ClInclude Include="..\..\..\1. Suit %27em up Game Development\SuitEmUp\SuitEmUp\Customize.h">
      <Filter>Header Files\States</Filter>
    </ClInclude>
    <ClInclude Include="..\..\..\1. Suit %27em up Game Development\SuitEmUp\SuitEmUp\InputManager.h">
      <Filter>Header Files\Managers</Filter>
    </ClInclude>
    <ClInclude Include="..\..\..\1. Suit %27em up Game Development\SuitEmUp\SuitEmUp\Engine.h">
      <Filter>Header Files</Filter>
    </ClInclude>
    <ClInclude Include="..\..\..\1. Suit %27em up Game Development\SuitEmUp\SuitEmUp\InputKeys.h">
      <Filter>Header Files</Filter>
    </ClInclude>
    <ClInclude Include="..\..\..\1. Suit %27em up Game Development\SuitEmUp\SuitEmUp\Game.h">
      <Filter>Header Files\States</Filter>
    </ClInclude>
    <ClInclude Include="..\..\..\1. Suit %27em up Game Development\SuitEmUp\SuitEmUp\SpriteManager.h">
      <Filter>Header Files\Managers</Filter>
    </ClInclude>
    <ClInclude Include="..\..\..\1. Suit %27em up Game Development\SuitEmUp\SuitEmUp\Sprite.h">
      <Filter>Header Files</Filter>
    </ClInclude>
    <ClInclude Include="..\..\..\1. Suit %27em up Game Development\SuitEmUp\SuitEmUp\GameObject.h">
      <Filter>Header Files</Filter>
    </ClInclude>
    <ClInclude Include="..\..\..\1. Suit %27em up Game Development\SuitEmUp\SuitEmUp\MovingGameObject.h">
      <Filter>Header Files</Filter>
    </ClInclude>
    <ClInclude Include="..\..\..\1. Suit %27em up Game Development\SuitEmUp\SuitEmUp\PlayerObject.h">
      <Filter>Header Files</Filter>
    </ClInclude>
    <ClInclude Include="..\..\..\1. Suit %27em up Game Development\SuitEmUp\SuitEmUp\TitleScreen.h">
      <Filter>Header Files\States</Filter>
    </ClInclude>
  </ItemGroup>
</Project>