<?xml version="1.0" encoding="utf-8"?>
<Project ToolsVersion="4.0" xmlns="http://schemas.microsoft.com/developer/msbuild/2003">
  <ItemGroup>
    <ClCompile Include="..\..\..\1. Suit %27em up Game Development\SuitEmUp\SuitEmUp\Config.cpp">
      <Filter>Source Files</Filter>
    </ClCompile>
    <ClCompile Include="..\..\..\1. Suit %27em up Game Development\SuitEmUp\SuitEmUp\Engine.cpp">
      <Filter>Source Files</Filter>
    </ClCompile>
    <ClCompile Include="..\..\..\1. Suit %27em up Game Development\SuitEmUp\SuitEmUp\GameObject.cpp">
      <Filter>Source Files</Filter>
    </ClCompile>
    <ClCompile Include="..\..\..\1. Suit %27em up Game Development\SuitEmUp\SuitEmUp\main.cpp">
      <Filter>Source Files</Filter>
    </ClCompile>
    <ClCompile Include="..\..\..\1. Suit %27em up Game Development\SuitEmUp\SuitEmUp\PlayerObject.cpp">
      <Filter>Source Files</Filter>
    </ClCompile>
    <ClCompile Include="..\..\..\1. Suit %27em up Game Development\SuitEmUp\SuitEmUp\Utils.cpp">
      <Filter>Source Files</Filter>
    </ClCompile>
    <ClCompile Include="..\..\..\1. Suit %27em up Game Development\SuitEmUp\SuitEmUp\DrawManager.cpp">
      <Filter>Source Files\Managers</Filter>
    </ClCompile>
    <ClCompile Include="..\..\..\1. Suit %27em up Game Development\SuitEmUp\SuitEmUp\InputManager.cpp">
      <Filter>Source Files\Managers</Filter>
    </ClCompile>
    <ClCompile Include="..\..\..\1. Suit %27em up Game Development\SuitEmUp\SuitEmUp\SpriteManager.cpp">
      <Filter>Source Files\Managers</Filter>
    </ClCompile>
    <ClCompile Include="StateManager.cpp">
      <Filter>Source Files\Managers</Filter>
    </ClCompile>
    <ClCompile Include="..\..\..\1. Suit %27em up Game Development\SuitEmUp\SuitEmUp\Customize.cpp">
      <Filter>Source Files\States</Filter>
    </ClCompile>
    <ClCompile Include="..\..\..\1. Suit %27em up Game Development\SuitEmUp\SuitEmUp\MainMenu.cpp">
      <Filter>Source Files\States</Filter>
    </ClCompile>
    <ClCompile Include="TitleScreen.cpp">
      <Filter>Source Files\States</Filter>
    </ClCompile>
    <ClCompile Include="..\..\..\1. Suit %27em up Game Development\SuitEmUp\SuitEmUp\Options.cpp">
      <Filter>Source Files\States</Filter>
    </ClCompile>
    <ClCompile Include="..\..\..\1. Suit %27em up Game Development\SuitEmUp\SuitEmUp\Game.cpp">
      <Filter>Source Files\States</Filter>
    </ClCompile>
  </ItemGroup>
  <ItemGroup>
    <ClInclude Include="..\..\..\1. Suit %27em up Game Development\SuitEmUp\SuitEmUp\Config.h">
      <Filter>Header Files</Filter>
    </ClInclude>
    <ClInclude Include="..\..\..\1. Suit %27em up Game Development\SuitEmUp\SuitEmUp\Engine.h">
      <Filter>Header Files</Filter>
    </ClInclude>
    <ClInclude Include="..\..\..\1. Suit %27em up Game Development\SuitEmUp\SuitEmUp\GameObject.h">
      <Filter>Header Files</Filter>
    </ClInclude>
    <ClInclude Include="..\..\..\1. Suit %27em up Game Development\SuitEmUp\SuitEmUp\InputKeys.h">
      <Filter>Header Files</Filter>
    </ClInclude>
    <ClInclude Include="..\..\..\1. Suit %27em up Game Development\SuitEmUp\SuitEmUp\MovingGameObject.h">
      <Filter>Header Files</Filter>
    </ClInclude>
    <ClInclude Include="..\..\..\1. Suit %27em up Game Development\SuitEmUp\SuitEmUp\PlayerObject.h">
      <Filter>Header Files</Filter>
    </ClInclude>
    <ClInclude Include="..\..\..\1. Suit %27em up Game Development\SuitEmUp\SuitEmUp\Sprite.h">
      <Filter>Header Files</Filter>
    </ClInclude>
    <ClInclude Include="..\..\..\1. Suit %27em up Game Development\SuitEmUp\SuitEmUp\State.h">
      <Filter>Header Files</Filter>
    </ClInclude>
    <ClInclude Include="..\..\..\1. Suit %27em up Game Development\SuitEmUp\SuitEmUp\Utils.h">
      <Filter>Header Files</Filter>
    </ClInclude>
    <ClInclude Include="..\..\..\1. Suit %27em up Game Development\SuitEmUp\SuitEmUp\InputManager.h">
      <Filter>Header Files\Managers</Filter>
    </ClInclude>
    <ClInclude Include="..\..\..\1. Suit %27em up Game Development\SuitEmUp\SuitEmUp\SpriteManager.h">
      <Filter>Header Files\Managers</Filter>
    </ClInclude>
    <ClInclude Include="..\..\..\1. Suit %27em up Game Development\SuitEmUp\SuitEmUp\StateManager.h">
      <Filter>Header Files\Managers</Filter>
    </ClInclude>
    <ClInclude Include="..\..\..\1. Suit %27em up Game Development\SuitEmUp\SuitEmUp\Game.h">
      <Filter>Header Files\States</Filter>
    </ClInclude>
    <ClInclude Include="..\..\..\1. Suit %27em up Game Development\SuitEmUp\SuitEmUp\MainMenu.h">
      <Filter>Header Files\States</Filter>
    </ClInclude>
    <ClInclude Include="..\..\..\1. Suit %27em up Game Development\SuitEmUp\SuitEmUp\Options.h">
      <Filter>Header Files\States</Filter>
    </ClInclude>
    <ClInclude Include="..\..\..\1. Suit %27em up Game Development\SuitEmUp\SuitEmUp\TitleScreen.h">
      <Filter>Header Files\States</Filter>
    </ClInclude>
    <ClInclude Include="..\..\..\1. Suit %27em up Game Development\SuitEmUp\SuitEmUp\Customize.h">
      <Filter>Header Files\States</Filter>
    </ClInclude>
    <ClInclude Include="..\..\..\1. Suit %27em up Game Development\SuitEmUp\SuitEmUp\DrawManager.h">
      <Filter>Header Files\Managers</Filter>
    </ClInclude>
    <ClInclude Include="..\..\..\1. Suit %27em up Game Development\SuitEmUp\SuitEmUp\GameObjectManager.h">
      <Filter>Header Files\Managers</Filter>
    </ClInclude>
  </ItemGroup>
  <ItemGroup>
    <Filter Include="Header Files">
      <UniqueIdentifier>{e6f9add6-0813-41cd-82e9-400be035f776}</UniqueIdentifier>
    </Filter>
    <Filter Include="Source Files">
      <UniqueIdentifier>{44d8791e-404d-43ee-8eb3-4a97d724ed9a}</UniqueIdentifier>
    </Filter>
    <Filter Include="Header Files\Managers">
      <UniqueIdentifier>{18660e01-9f1d-4c22-a920-bf8bf263fbbe}</UniqueIdentifier>
    </Filter>
    <Filter Include="Header Files\States">
      <UniqueIdentifier>{25ed6cb9-1740-4e50-8159-2be1d3fda007}</UniqueIdentifier>
    </Filter>
    <Filter Include="Source Files\Managers">
      <UniqueIdentifier>{693c7cf4-cf6a-44e4-bf00-52d0174e786e}</UniqueIdentifier>
    </Filter>
    <Filter Include="Source Files\States">
      <UniqueIdentifier>{e84b4dc7-9378-44a9-bd82-ac95320eba5a}</UniqueIdentifier>
    </Filter>
  </ItemGroup>
</Project>