
Microsoft Visual Studio Solution File, Format Version 12.00
# Visual Studio 2012
Project("{8BC9CEB8-8B4A-11D0-8D11-00A0C91BC942}") = "SuitEmUp", "SuitEmUp\SuitEmUp.vcxproj", "{D346D6B7-7727-42A0-9460-2D48AC38CDBF}"
EndProject
Global
	GlobalSection(SolutionConfigurationPlatforms) = preSolution
		Debug|Win32 = Debug|Win32
		Release|Win32 = Release|Win32
	EndGlobalSection
	GlobalSection(ProjectConfigurationPlatforms) = postSolution
		{D346D6B7-7727-42A0-9460-2D48AC38CDBF}.Debug|Win32.ActiveCfg = Debug|Win32
		{D346D6B7-7727-42A0-9460-2D48AC38CDBF}.Debug|Win32.Build.0 = Debug|Win32
		{D346D6B7-7727-42A0-9460-2D48AC38CDBF}.Release|Win32.ActiveCfg = Release|Win32
		{D346D6B7-7727-42A0-9460-2D48AC38CDBF}.Release|Win32.Build.0 = Release|Win32
	EndGlobalSection
	GlobalSection(SolutionProperties) = preSolution
		HideSolutionNode = FALSE
	EndGlobalSection
EndGlobal
